
Microsoft Visual Studio Solution File, Format Version 12.00
# Visual Studio Version 16
VisualStudioVersion = 16.0.810.20
MinimumVisualStudioVersion = 10.0.40219.1
Project("{FAE04EC0-301F-11D3-BF4B-00C04F79EFBC}") = "CAI_04-AgendaV2.InterfazConsola", "CAI_04-EjercicioAgendaV2\CAI_04-AgendaV2.InterfazConsola.csproj", "{979EA59A-D7A2-4CEB-BB61-ACCA215C951E}"
EndProject
Project("{FAE04EC0-301F-11D3-BF4B-00C04F79EFBC}") = "CAI_04-AgendaV2.Dominio", "CAI_04-AgendaV2.Dominio\CAI_04-AgendaV2.Dominio.csproj", "{6F6C6D6F-B4E2-4A73-9292-F8EFBF24C031}"
EndProject
Project("{FAE04EC0-301F-11D3-BF4B-00C04F79EFBC}") = "CAI_04-AgendaV2.Complementos", "CAI_04-AgendaV2.Complementos\CAI_04-AgendaV2.Complementos.csproj", "{B4775E6D-19DA-4399-AC70-15A1F61DE97E}"
EndProject
Global
	GlobalSection(SolutionConfigurationPlatforms) = preSolution
		Debug|anycpu = Debug|anycpu
		Release|anycpu = Release|anycpu
	EndGlobalSection
	GlobalSection(ProjectConfigurationPlatforms) = postSolution
		{979EA59A-D7A2-4CEB-BB61-ACCA215C951E}.Debug|anycpu.ActiveCfg = Debug|anycpu
		{979EA59A-D7A2-4CEB-BB61-ACCA215C951E}.Debug|anycpu.Build.0 = Debug|anycpu
		{979EA59A-D7A2-4CEB-BB61-ACCA215C951E}.Release|anycpu.ActiveCfg = Release|anycpu
		{979EA59A-D7A2-4CEB-BB61-ACCA215C951E}.Release|anycpu.Build.0 = Release|anycpu
		{6F6C6D6F-B4E2-4A73-9292-F8EFBF24C031}.Debug|anycpu.ActiveCfg = Debug|Any CPU
		{6F6C6D6F-B4E2-4A73-9292-F8EFBF24C031}.Debug|anycpu.Build.0 = Debug|Any CPU
		{6F6C6D6F-B4E2-4A73-9292-F8EFBF24C031}.Release|anycpu.ActiveCfg = Release|Any CPU
		{6F6C6D6F-B4E2-4A73-9292-F8EFBF24C031}.Release|anycpu.Build.0 = Release|Any CPU
		{B4775E6D-19DA-4399-AC70-15A1F61DE97E}.Debug|anycpu.ActiveCfg = Debug|Any CPU
		{B4775E6D-19DA-4399-AC70-15A1F61DE97E}.Debug|anycpu.Build.0 = Debug|Any CPU
		{B4775E6D-19DA-4399-AC70-15A1F61DE97E}.Release|anycpu.ActiveCfg = Release|Any CPU
		{B4775E6D-19DA-4399-AC70-15A1F61DE97E}.Release|anycpu.Build.0 = Release|Any CPU
	EndGlobalSection
	GlobalSection(SolutionProperties) = preSolution
		HideSolutionNode = FALSE
	EndGlobalSection
	GlobalSection(ExtensibilityGlobals) = postSolution
		SolutionGuid = {D2EB7FE8-ADDE-44BE-BE76-A3A3CFDDC4A0}
	EndGlobalSection
EndGlobal
